
Microsoft Visual Studio Solution File, Format Version 12.00
# Visual Studio 15
VisualStudioVersion = 15.0.27130.2036
MinimumVisualStudioVersion = 10.0.40219.1
Project("{FAE04EC0-301F-11D3-BF4B-00C04F79EFBC}") = "QRCodeExemplo.Android", "QRCodeExemplo\QRCodeExemplo.Android\QRCodeExemplo.Android.csproj", "{F25F3AAB-22DF-466B-BF2A-D889976F0CAA}"
EndProject
Project("{FAE04EC0-301F-11D3-BF4B-00C04F79EFBC}") = "QRCodeExemplo.iOS", "QRCodeExemplo\QRCodeExemplo.iOS\QRCodeExemplo.iOS.csproj", "{00DF71D5-8562-4AE8-AFAE-5742AAA756B3}"
EndProject
Project("{FAE04EC0-301F-11D3-BF4B-00C04F79EFBC}") = "QRCodeExemplo.UWP", "QRCodeExemplo\QRCodeExemplo.UWP\QRCodeExemplo.UWP.csproj", "{E0E4E249-55DC-40B3-B17A-299C63D28725}"
EndProject
Project("{FAE04EC0-301F-11D3-BF4B-00C04F79EFBC}") = "QRCodeExemplo", "QRCodeExemplo\QRCodeExemplo\QRCodeExemplo.csproj", "{B2CB7A05-E732-4739-95FD-881AF6E9F497}"
EndProject
Global
	GlobalSection(SolutionConfigurationPlatforms) = preSolution
		Ad-Hoc|Any CPU = Ad-Hoc|Any CPU
		Ad-Hoc|ARM = Ad-Hoc|ARM
		Ad-Hoc|iPhone = Ad-Hoc|iPhone
		Ad-Hoc|iPhoneSimulator = Ad-Hoc|iPhoneSimulator
		Ad-Hoc|x64 = Ad-Hoc|x64
		Ad-Hoc|x86 = Ad-Hoc|x86
		AppStore|Any CPU = AppStore|Any CPU
		AppStore|ARM = AppStore|ARM
		AppStore|iPhone = AppStore|iPhone
		AppStore|iPhoneSimulator = AppStore|iPhoneSimulator
		AppStore|x64 = AppStore|x64
		AppStore|x86 = AppStore|x86
		Debug|Any CPU = Debug|Any CPU
		Debug|ARM = Debug|ARM
		Debug|iPhone = Debug|iPhone
		Debug|iPhoneSimulator = Debug|iPhoneSimulator
		Debug|x64 = Debug|x64
		Debug|x86 = Debug|x86
		Release|Any CPU = Release|Any CPU
		Release|ARM = Release|ARM
		Release|iPhone = Release|iPhone
		Release|iPhoneSimulator = Release|iPhoneSimulator
		Release|x64 = Release|x64
		Release|x86 = Release|x86
	EndGlobalSection
	GlobalSection(ProjectConfigurationPlatforms) = postSolution
		{F25F3AAB-22DF-466B-BF2A-D889976F0CAA}.Ad-Hoc|Any CPU.ActiveCfg = Release|Any CPU
		{F25F3AAB-22DF-466B-BF2A-D889976F0CAA}.Ad-Hoc|Any CPU.Build.0 = Release|Any CPU
		{F25F3AAB-22DF-466B-BF2A-D889976F0CAA}.Ad-Hoc|Any CPU.Deploy.0 = Release|Any CPU
		{F25F3AAB-22DF-466B-BF2A-D889976F0CAA}.Ad-Hoc|ARM.ActiveCfg = Release|Any CPU
		{F25F3AAB-22DF-466B-BF2A-D889976F0CAA}.Ad-Hoc|ARM.Build.0 = Release|Any CPU
		{F25F3AAB-22DF-466B-BF2A-D889976F0CAA}.Ad-Hoc|ARM.Deploy.0 = Release|Any CPU
		{F25F3AAB-22DF-466B-BF2A-D889976F0CAA}.Ad-Hoc|iPhone.ActiveCfg = Release|Any CPU
		{F25F3AAB-22DF-466B-BF2A-D889976F0CAA}.Ad-Hoc|iPhone.Build.0 = Release|Any CPU
		{F25F3AAB-22DF-466B-BF2A-D889976F0CAA}.Ad-Hoc|iPhone.Deploy.0 = Release|Any CPU
		{F25F3AAB-22DF-466B-BF2A-D889976F0CAA}.Ad-Hoc|iPhoneSimulator.ActiveCfg = Release|Any CPU
		{F25F3AAB-22DF-466B-BF2A-D889976F0CAA}.Ad-Hoc|iPhoneSimulator.Build.0 = Release|Any CPU
		{F25F3AAB-22DF-466B-BF2A-D889976F0CAA}.Ad-Hoc|iPhoneSimulator.Deploy.0 = Release|Any CPU
		{F25F3AAB-22DF-466B-BF2A-D889976F0CAA}.Ad-Hoc|x64.ActiveCfg = Release|Any CPU
		{F25F3AAB-22DF-466B-BF2A-D889976F0CAA}.Ad-Hoc|x64.Build.0 = Release|Any CPU
		{F25F3AAB-22DF-466B-BF2A-D889976F0CAA}.Ad-Hoc|x64.Deploy.0 = Release|Any CPU
		{F25F3AAB-22DF-466B-BF2A-D889976F0CAA}.Ad-Hoc|x86.ActiveCfg = Release|Any CPU
		{F25F3AAB-22DF-466B-BF2A-D889976F0CAA}.Ad-Hoc|x86.Build.0 = Release|Any CPU
		{F25F3AAB-22DF-466B-BF2A-D889976F0CAA}.Ad-Hoc|x86.Deploy.0 = Release|Any CPU
		{F25F3AAB-22DF-466B-BF2A-D889976F0CAA}.AppStore|Any CPU.ActiveCfg = Release|Any CPU
		{F25F3AAB-22DF-466B-BF2A-D889976F0CAA}.AppStore|Any CPU.Build.0 = Release|Any CPU
		{F25F3AAB-22DF-466B-BF2A-D889976F0CAA}.AppStore|Any CPU.Deploy.0 = Release|Any CPU
		{F25F3AAB-22DF-466B-BF2A-D889976F0CAA}.AppStore|ARM.ActiveCfg = Release|Any CPU
		{F25F3AAB-22DF-466B-BF2A-D889976F0CAA}.AppStore|ARM.Build.0 = Release|Any CPU
		{F25F3AAB-22DF-466B-BF2A-D889976F0CAA}.AppStore|ARM.Deploy.0 = Release|Any CPU
		{F25F3AAB-22DF-466B-BF2A-D889976F0CAA}.AppStore|iPhone.ActiveCfg = Release|Any CPU
		{F25F3AAB-22DF-466B-BF2A-D889976F0CAA}.AppStore|iPhone.Build.0 = Release|Any CPU
		{F25F3AAB-22DF-466B-BF2A-D889976F0CAA}.AppStore|iPhone.Deploy.0 = Release|Any CPU
		{F25F3AAB-22DF-466B-BF2A-D889976F0CAA}.AppStore|iPhoneSimulator.ActiveCfg = Release|Any CPU
		{F25F3AAB-22DF-466B-BF2A-D889976F0CAA}.AppStore|iPhoneSimulator.Build.0 = Release|Any CPU
		{F25F3AAB-22DF-466B-BF2A-D889976F0CAA}.AppStore|iPhoneSimulator.Deploy.0 = Release|Any CPU
		{F25F3AAB-22DF-466B-BF2A-D889976F0CAA}.AppStore|x64.ActiveCfg = Release|Any CPU
		{F25F3AAB-22DF-466B-BF2A-D889976F0CAA}.AppStore|x64.Build.0 = Release|Any CPU
		{F25F3AAB-22DF-466B-BF2A-D889976F0CAA}.AppStore|x64.Deploy.0 = Release|Any CPU
		{F25F3AAB-22DF-466B-BF2A-D889976F0CAA}.AppStore|x86.ActiveCfg = Release|Any CPU
		{F25F3AAB-22DF-466B-BF2A-D889976F0CAA}.AppStore|x86.Build.0 = Release|Any CPU
		{F25F3AAB-22DF-466B-BF2A-D889976F0CAA}.AppStore|x86.Deploy.0 = Release|Any CPU
		{F25F3AAB-22DF-466B-BF2A-D889976F0CAA}.Debug|Any CPU.ActiveCfg = Debug|Any CPU
		{F25F3AAB-22DF-466B-BF2A-D889976F0CAA}.Debug|Any CPU.Build.0 = Debug|Any CPU
		{F25F3AAB-22DF-466B-BF2A-D889976F0CAA}.Debug|Any CPU.Deploy.0 = Debug|Any CPU
		{F25F3AAB-22DF-466B-BF2A-D889976F0CAA}.Debug|ARM.ActiveCfg = Debug|Any CPU
		{F25F3AAB-22DF-466B-BF2A-D889976F0CAA}.Debug|ARM.Build.0 = Debug|Any CPU
		{F25F3AAB-22DF-466B-BF2A-D889976F0CAA}.Debug|ARM.Deploy.0 = Debug|Any CPU
		{F25F3AAB-22DF-466B-BF2A-D889976F0CAA}.Debug|iPhone.ActiveCfg = Debug|Any CPU
		{F25F3AAB-22DF-466B-BF2A-D889976F0CAA}.Debug|iPhone.Build.0 = Debug|Any CPU
		{F25F3AAB-22DF-466B-BF2A-D889976F0CAA}.Debug|iPhone.Deploy.0 = Debug|Any CPU
		{F25F3AAB-22DF-466B-BF2A-D889976F0CAA}.Debug|iPhoneSimulator.ActiveCfg = Debug|Any CPU
		{F25F3AAB-22DF-466B-BF2A-D889976F0CAA}.Debug|iPhoneSimulator.Build.0 = Debug|Any CPU
		{F25F3AAB-22DF-466B-BF2A-D889976F0CAA}.Debug|iPhoneSimulator.Deploy.0 = Debug|Any CPU
		{F25F3AAB-22DF-466B-BF2A-D889976F0CAA}.Debug|x64.ActiveCfg = Debug|Any CPU
		{F25F3AAB-22DF-466B-BF2A-D889976F0CAA}.Debug|x64.Build.0 = Debug|Any CPU
		{F25F3AAB-22DF-466B-BF2A-D889976F0CAA}.Debug|x64.Deploy.0 = Debug|Any CPU
		{F25F3AAB-22DF-466B-BF2A-D889976F0CAA}.Debug|x86.ActiveCfg = Debug|Any CPU
		{F25F3AAB-22DF-466B-BF2A-D889976F0CAA}.Debug|x86.Build.0 = Debug|Any CPU
		{F25F3AAB-22DF-466B-BF2A-D889976F0CAA}.Debug|x86.Deploy.0 = Debug|Any CPU
		{F25F3AAB-22DF-466B-BF2A-D889976F0CAA}.Release|Any CPU.ActiveCfg = Release|Any CPU
		{F25F3AAB-22DF-466B-BF2A-D889976F0CAA}.Release|Any CPU.Build.0 = Release|Any CPU
		{F25F3AAB-22DF-466B-BF2A-D889976F0CAA}.Release|Any CPU.Deploy.0 = Release|Any CPU
		{F25F3AAB-22DF-466B-BF2A-D889976F0CAA}.Release|ARM.ActiveCfg = Release|Any CPU
		{F25F3AAB-22DF-466B-BF2A-D889976F0CAA}.Release|ARM.Build.0 = Release|Any CPU
		{F25F3AAB-22DF-466B-BF2A-D889976F0CAA}.Release|ARM.Deploy.0 = Release|Any CPU
		{F25F3AAB-22DF-466B-BF2A-D889976F0CAA}.Release|iPhone.ActiveCfg = Release|Any CPU
		{F25F3AAB-22DF-466B-BF2A-D889976F0CAA}.Release|iPhone.Build.0 = Release|Any CPU
		{F25F3AAB-22DF-466B-BF2A-D889976F0CAA}.Release|iPhone.Deploy.0 = Release|Any CPU
		{F25F3AAB-22DF-466B-BF2A-D889976F0CAA}.Release|iPhoneSimulator.ActiveCfg = Release|Any CPU
		{F25F3AAB-22DF-466B-BF2A-D889976F0CAA}.Release|iPhoneSimulator.Build.0 = Release|Any CPU
		{F25F3AAB-22DF-466B-BF2A-D889976F0CAA}.Release|iPhoneSimulator.Deploy.0 = Release|Any CPU
		{F25F3AAB-22DF-466B-BF2A-D889976F0CAA}.Release|x64.ActiveCfg = Release|Any CPU
		{F25F3AAB-22DF-466B-BF2A-D889976F0CAA}.Release|x64.Build.0 = Release|Any CPU
		{F25F3AAB-22DF-466B-BF2A-D889976F0CAA}.Release|x64.Deploy.0 = Release|Any CPU
		{F25F3AAB-22DF-466B-BF2A-D889976F0CAA}.Release|x86.ActiveCfg = Release|Any CPU
		{F25F3AAB-22DF-466B-BF2A-D889976F0CAA}.Release|x86.Build.0 = Release|Any CPU
		{F25F3AAB-22DF-466B-BF2A-D889976F0CAA}.Release|x86.Deploy.0 = Release|Any CPU
		{00DF71D5-8562-4AE8-AFAE-5742AAA756B3}.Ad-Hoc|Any CPU.ActiveCfg = Ad-Hoc|iPhone
		{00DF71D5-8562-4AE8-AFAE-5742AAA756B3}.Ad-Hoc|ARM.ActiveCfg = Ad-Hoc|iPhone
		{00DF71D5-8562-4AE8-AFAE-5742AAA756B3}.Ad-Hoc|iPhone.ActiveCfg = Ad-Hoc|iPhone
		{00DF71D5-8562-4AE8-AFAE-5742AAA756B3}.Ad-Hoc|iPhone.Build.0 = Ad-Hoc|iPhone
		{00DF71D5-8562-4AE8-AFAE-5742AAA756B3}.Ad-Hoc|iPhoneSimulator.ActiveCfg = Ad-Hoc|iPhoneSimulator
		{00DF71D5-8562-4AE8-AFAE-5742AAA756B3}.Ad-Hoc|iPhoneSimulator.Build.0 = Ad-Hoc|iPhoneSimulator
		{00DF71D5-8562-4AE8-AFAE-5742AAA756B3}.Ad-Hoc|x64.ActiveCfg = Ad-Hoc|iPhone
		{00DF71D5-8562-4AE8-AFAE-5742AAA756B3}.Ad-Hoc|x86.ActiveCfg = Ad-Hoc|iPhone
		{00DF71D5-8562-4AE8-AFAE-5742AAA756B3}.AppStore|Any CPU.ActiveCfg = AppStore|iPhone
		{00DF71D5-8562-4AE8-AFAE-5742AAA756B3}.AppStore|ARM.ActiveCfg = AppStore|iPhone
		{00DF71D5-8562-4AE8-AFAE-5742AAA756B3}.AppStore|iPhone.ActiveCfg = AppStore|iPhone
		{00DF71D5-8562-4AE8-AFAE-5742AAA756B3}.AppStore|iPhone.Build.0 = AppStore|iPhone
		{00DF71D5-8562-4AE8-AFAE-5742AAA756B3}.AppStore|iPhoneSimulator.ActiveCfg = AppStore|iPhoneSimulator
		{00DF71D5-8562-4AE8-AFAE-5742AAA756B3}.AppStore|iPhoneSimulator.Build.0 = AppStore|iPhoneSimulator
		{00DF71D5-8562-4AE8-AFAE-5742AAA756B3}.AppStore|x64.ActiveCfg = AppStore|iPhone
		{00DF71D5-8562-4AE8-AFAE-5742AAA756B3}.AppStore|x86.ActiveCfg = AppStore|iPhone
		{00DF71D5-8562-4AE8-AFAE-5742AAA756B3}.Debug|Any CPU.ActiveCfg = Debug|iPhone
		{00DF71D5-8562-4AE8-AFAE-5742AAA756B3}.Debug|ARM.ActiveCfg = Debug|iPhone
		{00DF71D5-8562-4AE8-AFAE-5742AAA756B3}.Debug|iPhone.ActiveCfg = Debug|iPhone
		{00DF71D5-8562-4AE8-AFAE-5742AAA756B3}.Debug|iPhone.Build.0 = Debug|iPhone
		{00DF71D5-8562-4AE8-AFAE-5742AAA756B3}.Debug|iPhoneSimulator.ActiveCfg = Debug|iPhoneSimulator
		{00DF71D5-8562-4AE8-AFAE-5742AAA756B3}.Debug|iPhoneSimulator.Build.0 = Debug|iPhoneSimulator
		{00DF71D5-8562-4AE8-AFAE-5742AAA756B3}.Debug|x64.ActiveCfg = Debug|iPhone
		{00DF71D5-8562-4AE8-AFAE-5742AAA756B3}.Debug|x86.ActiveCfg = Debug|iPhone
		{00DF71D5-8562-4AE8-AFAE-5742AAA756B3}.Release|Any CPU.ActiveCfg = Release|iPhone
		{00DF71D5-8562-4AE8-AFAE-5742AAA756B3}.Release|ARM.ActiveCfg = Release|iPhone
		{00DF71D5-8562-4AE8-AFAE-5742AAA756B3}.Release|iPhone.ActiveCfg = Release|iPhone
		{00DF71D5-8562-4AE8-AFAE-5742AAA756B3}.Release|iPhone.Build.0 = Release|iPhone
		{00DF71D5-8562-4AE8-AFAE-5742AAA756B3}.Release|iPhoneSimulator.ActiveCfg = Release|iPhoneSimulator
		{00DF71D5-8562-4AE8-AFAE-5742AAA756B3}.Release|iPhoneSimulator.Build.0 = Release|iPhoneSimulator
		{00DF71D5-8562-4AE8-AFAE-5742AAA756B3}.Release|x64.ActiveCfg = Release|iPhone
		{00DF71D5-8562-4AE8-AFAE-5742AAA756B3}.Release|x86.ActiveCfg = Release|iPhone
		{E0E4E249-55DC-40B3-B17A-299C63D28725}.Ad-Hoc|Any CPU.ActiveCfg = Release|x86
		{E0E4E249-55DC-40B3-B17A-299C63D28725}.Ad-Hoc|Any CPU.Build.0 = Release|x86
		{E0E4E249-55DC-40B3-B17A-299C63D28725}.Ad-Hoc|Any CPU.Deploy.0 = Release|x86
		{E0E4E249-55DC-40B3-B17A-299C63D28725}.Ad-Hoc|ARM.ActiveCfg = Release|ARM
		{E0E4E249-55DC-40B3-B17A-299C63D28725}.Ad-Hoc|ARM.Build.0 = Release|ARM
		{E0E4E249-55DC-40B3-B17A-299C63D28725}.Ad-Hoc|ARM.Deploy.0 = Release|ARM
		{E0E4E249-55DC-40B3-B17A-299C63D28725}.Ad-Hoc|iPhone.ActiveCfg = Release|x86
		{E0E4E249-55DC-40B3-B17A-299C63D28725}.Ad-Hoc|iPhone.Build.0 = Release|x86
		{E0E4E249-55DC-40B3-B17A-299C63D28725}.Ad-Hoc|iPhone.Deploy.0 = Release|x86
		{E0E4E249-55DC-40B3-B17A-299C63D28725}.Ad-Hoc|iPhoneSimulator.ActiveCfg = Release|x86
		{E0E4E249-55DC-40B3-B17A-299C63D28725}.Ad-Hoc|iPhoneSimulator.Build.0 = Release|x86
		{E0E4E249-55DC-40B3-B17A-299C63D28725}.Ad-Hoc|iPhoneSimulator.Deploy.0 = Release|x86
		{E0E4E249-55DC-40B3-B17A-299C63D28725}.Ad-Hoc|x64.ActiveCfg = Release|x64
		{E0E4E249-55DC-40B3-B17A-299C63D28725}.Ad-Hoc|x64.Build.0 = Release|x64
		{E0E4E249-55DC-40B3-B17A-299C63D28725}.Ad-Hoc|x64.Deploy.0 = Release|x64
		{E0E4E249-55DC-40B3-B17A-299C63D28725}.Ad-Hoc|x86.ActiveCfg = Release|x86
		{E0E4E249-55DC-40B3-B17A-299C63D28725}.Ad-Hoc|x86.Build.0 = Release|x86
		{E0E4E249-55DC-40B3-B17A-299C63D28725}.Ad-Hoc|x86.Deploy.0 = Release|x86
		{E0E4E249-55DC-40B3-B17A-299C63D28725}.AppStore|Any CPU.ActiveCfg = Release|x86
		{E0E4E249-55DC-40B3-B17A-299C63D28725}.AppStore|Any CPU.Build.0 = Release|x86
		{E0E4E249-55DC-40B3-B17A-299C63D28725}.AppStore|Any CPU.Deploy.0 = Release|x86
		{E0E4E249-55DC-40B3-B17A-299C63D28725}.AppStore|ARM.ActiveCfg = Release|ARM
		{E0E4E249-55DC-40B3-B17A-299C63D28725}.AppStore|ARM.Build.0 = Release|ARM
		{E0E4E249-55DC-40B3-B17A-299C63D28725}.AppStore|ARM.Deploy.0 = Release|ARM
		{E0E4E249-55DC-40B3-B17A-299C63D28725}.AppStore|iPhone.ActiveCfg = Release|x86
		{E0E4E249-55DC-40B3-B17A-299C63D28725}.AppStore|iPhone.Build.0 = Release|x86
		{E0E4E249-55DC-40B3-B17A-299C63D28725}.AppStore|iPhone.Deploy.0 = Release|x86
		{E0E4E249-55DC-40B3-B17A-299C63D28725}.AppStore|iPhoneSimulator.ActiveCfg = Release|x86
		{E0E4E249-55DC-40B3-B17A-299C63D28725}.AppStore|iPhoneSimulator.Build.0 = Release|x86
		{E0E4E249-55DC-40B3-B17A-299C63D28725}.AppStore|iPhoneSimulator.Deploy.0 = Release|x86
		{E0E4E249-55DC-40B3-B17A-299C63D28725}.AppStore|x64.ActiveCfg = Release|x64
		{E0E4E249-55DC-40B3-B17A-299C63D28725}.AppStore|x64.Build.0 = Release|x64
		{E0E4E249-55DC-40B3-B17A-299C63D28725}.AppStore|x64.Deploy.0 = Release|x64
		{E0E4E249-55DC-40B3-B17A-299C63D28725}.AppStore|x86.ActiveCfg = Release|x86
		{E0E4E249-55DC-40B3-B17A-299C63D28725}.AppStore|x86.Build.0 = Release|x86
		{E0E4E249-55DC-40B3-B17A-299C63D28725}.AppStore|x86.Deploy.0 = Release|x86
		{E0E4E249-55DC-40B3-B17A-299C63D28725}.Debug|Any CPU.ActiveCfg = Debug|x86
		{E0E4E249-55DC-40B3-B17A-299C63D28725}.Debug|ARM.ActiveCfg = Debug|ARM
		{E0E4E249-55DC-40B3-B17A-299C63D28725}.Debug|ARM.Build.0 = Debug|ARM
		{E0E4E249-55DC-40B3-B17A-299C63D28725}.Debug|ARM.Deploy.0 = Debug|ARM
		{E0E4E249-55DC-40B3-B17A-299C63D28725}.Debug|iPhone.ActiveCfg = Debug|x86
		{E0E4E249-55DC-40B3-B17A-299C63D28725}.Debug|iPhoneSimulator.ActiveCfg = Debug|x86
		{E0E4E249-55DC-40B3-B17A-299C63D28725}.Debug|x64.ActiveCfg = Debug|x64
		{E0E4E249-55DC-40B3-B17A-299C63D28725}.Debug|x64.Build.0 = Debug|x64
		{E0E4E249-55DC-40B3-B17A-299C63D28725}.Debug|x64.Deploy.0 = Debug|x64
		{E0E4E249-55DC-40B3-B17A-299C63D28725}.Debug|x86.ActiveCfg = Debug|x86
		{E0E4E249-55DC-40B3-B17A-299C63D28725}.Debug|x86.Build.0 = Debug|x86
		{E0E4E249-55DC-40B3-B17A-299C63D28725}.Debug|x86.Deploy.0 = Debug|x86
		{E0E4E249-55DC-40B3-B17A-299C63D28725}.Release|Any CPU.ActiveCfg = Release|x86
		{E0E4E249-55DC-40B3-B17A-299C63D28725}.Release|ARM.ActiveCfg = Release|ARM
		{E0E4E249-55DC-40B3-B17A-299C63D28725}.Release|ARM.Build.0 = Release|ARM
		{E0E4E249-55DC-40B3-B17A-299C63D28725}.Release|ARM.Deploy.0 = Release|ARM
		{E0E4E249-55DC-40B3-B17A-299C63D28725}.Release|iPhone.ActiveCfg = Release|x86
		{E0E4E249-55DC-40B3-B17A-299C63D28725}.Release|iPhoneSimulator.ActiveCfg = Release|x86
		{E0E4E249-55DC-40B3-B17A-299C63D28725}.Release|x64.ActiveCfg = Release|x64
		{E0E4E249-55DC-40B3-B17A-299C63D28725}.Release|x64.Build.0 = Release|x64
		{E0E4E249-55DC-40B3-B17A-299C63D28725}.Release|x64.Deploy.0 = Release|x64
		{E0E4E249-55DC-40B3-B17A-299C63D28725}.Release|x86.ActiveCfg = Release|x86
		{E0E4E249-55DC-40B3-B17A-299C63D28725}.Release|x86.Build.0 = Release|x86
		{E0E4E249-55DC-40B3-B17A-299C63D28725}.Release|x86.Deploy.0 = Release|x86
		{B2CB7A05-E732-4739-95FD-881AF6E9F497}.Ad-Hoc|Any CPU.ActiveCfg = Debug|Any CPU
		{B2CB7A05-E732-4739-95FD-881AF6E9F497}.Ad-Hoc|Any CPU.Build.0 = Debug|Any CPU
		{B2CB7A05-E732-4739-95FD-881AF6E9F497}.Ad-Hoc|ARM.ActiveCfg = Debug|Any CPU
		{B2CB7A05-E732-4739-95FD-881AF6E9F497}.Ad-Hoc|ARM.Build.0 = Debug|Any CPU
		{B2CB7A05-E732-4739-95FD-881AF6E9F497}.Ad-Hoc|iPhone.ActiveCfg = Debug|Any CPU
		{B2CB7A05-E732-4739-95FD-881AF6E9F497}.Ad-Hoc|iPhone.Build.0 = Debug|Any CPU
		{B2CB7A05-E732-4739-95FD-881AF6E9F497}.Ad-Hoc|iPhoneSimulator.ActiveCfg = Debug|Any CPU
		{B2CB7A05-E732-4739-95FD-881AF6E9F497}.Ad-Hoc|iPhoneSimulator.Build.0 = Debug|Any CPU
		{B2CB7A05-E732-4739-95FD-881AF6E9F497}.Ad-Hoc|x64.ActiveCfg = Debug|Any CPU
		{B2CB7A05-E732-4739-95FD-881AF6E9F497}.Ad-Hoc|x64.Build.0 = Debug|Any CPU
		{B2CB7A05-E732-4739-95FD-881AF6E9F497}.Ad-Hoc|x86.ActiveCfg = Debug|Any CPU
		{B2CB7A05-E732-4739-95FD-881AF6E9F497}.Ad-Hoc|x86.Build.0 = Debug|Any CPU
		{B2CB7A05-E732-4739-95FD-881AF6E9F497}.AppStore|Any CPU.ActiveCfg = Debug|Any CPU
		{B2CB7A05-E732-4739-95FD-881AF6E9F497}.AppStore|Any CPU.Build.0 = Debug|Any CPU
		{B2CB7A05-E732-4739-95FD-881AF6E9F497}.AppStore|ARM.ActiveCfg = Debug|Any CPU
		{B2CB7A05-E732-4739-95FD-881AF6E9F497}.AppStore|ARM.Build.0 = Debug|Any CPU
		{B2CB7A05-E732-4739-95FD-881AF6E9F497}.AppStore|iPhone.ActiveCfg = Debug|Any CPU
		{B2CB7A05-E732-4739-95FD-881AF6E9F497}.AppStore|iPhone.Build.0 = Debug|Any CPU
		{B2CB7A05-E732-4739-95FD-881AF6E9F497}.AppStore|iPhoneSimulator.ActiveCfg = Debug|Any CPU
		{B2CB7A05-E732-4739-95FD-881AF6E9F497}.AppStore|iPhoneSimulator.Build.0 = Debug|Any CPU
		{B2CB7A05-E732-4739-95FD-881AF6E9F497}.AppStore|x64.ActiveCfg = Debug|Any CPU
		{B2CB7A05-E732-4739-95FD-881AF6E9F497}.AppStore|x64.Build.0 = Debug|Any CPU
		{B2CB7A05-E732-4739-95FD-881AF6E9F497}.AppStore|x86.ActiveCfg = Debug|Any CPU
		{B2CB7A05-E732-4739-95FD-881AF6E9F497}.AppStore|x86.Build.0 = Debug|Any CPU
		{B2CB7A05-E732-4739-95FD-881AF6E9F497}.Debug|Any CPU.ActiveCfg = Debug|Any CPU
		{B2CB7A05-E732-4739-95FD-881AF6E9F497}.Debug|Any CPU.Build.0 = Debug|Any CPU
		{B2CB7A05-E732-4739-95FD-881AF6E9F497}.Debug|ARM.ActiveCfg = Debug|Any CPU
		{B2CB7A05-E732-4739-95FD-881AF6E9F497}.Debug|ARM.Build.0 = Debug|Any CPU
		{B2CB7A05-E732-4739-95FD-881AF6E9F497}.Debug|iPhone.ActiveCfg = Debug|Any CPU
		{B2CB7A05-E732-4739-95FD-881AF6E9F497}.Debug|iPhone.Build.0 = Debug|Any CPU
		{B2CB7A05-E732-4739-95FD-881AF6E9F497}.Debug|iPhoneSimulator.ActiveCfg = Debug|Any CPU
		{B2CB7A05-E732-4739-95FD-881AF6E9F497}.Debug|iPhoneSimulator.Build.0 = Debug|Any CPU
		{B2CB7A05-E732-4739-95FD-881AF6E9F497}.Debug|x64.ActiveCfg = Debug|Any CPU
		{B2CB7A05-E732-4739-95FD-881AF6E9F497}.Debug|x64.Build.0 = Debug|Any CPU
		{B2CB7A05-E732-4739-95FD-881AF6E9F497}.Debug|x86.ActiveCfg = Debug|Any CPU
		{B2CB7A05-E732-4739-95FD-881AF6E9F497}.Debug|x86.Build.0 = Debug|Any CPU
		{B2CB7A05-E732-4739-95FD-881AF6E9F497}.Release|Any CPU.ActiveCfg = Release|Any CPU
		{B2CB7A05-E732-4739-95FD-881AF6E9F497}.Release|Any CPU.Build.0 = Release|Any CPU
		{B2CB7A05-E732-4739-95FD-881AF6E9F497}.Release|ARM.ActiveCfg = Release|Any CPU
		{B2CB7A05-E732-4739-95FD-881AF6E9F497}.Release|ARM.Build.0 = Release|Any CPU
		{B2CB7A05-E732-4739-95FD-881AF6E9F497}.Release|iPhone.ActiveCfg = Release|Any CPU
		{B2CB7A05-E732-4739-95FD-881AF6E9F497}.Release|iPhone.Build.0 = Release|Any CPU
		{B2CB7A05-E732-4739-95FD-881AF6E9F497}.Release|iPhoneSimulator.ActiveCfg = Release|Any CPU
		{B2CB7A05-E732-4739-95FD-881AF6E9F497}.Release|iPhoneSimulator.Build.0 = Release|Any CPU
		{B2CB7A05-E732-4739-95FD-881AF6E9F497}.Release|x64.ActiveCfg = Release|Any CPU
		{B2CB7A05-E732-4739-95FD-881AF6E9F497}.Release|x64.Build.0 = Release|Any CPU
		{B2CB7A05-E732-4739-95FD-881AF6E9F497}.Release|x86.ActiveCfg = Release|Any CPU
		{B2CB7A05-E732-4739-95FD-881AF6E9F497}.Release|x86.Build.0 = Release|Any CPU
	EndGlobalSection
	GlobalSection(SolutionProperties) = preSolution
		HideSolutionNode = FALSE
	EndGlobalSection
	GlobalSection(ExtensibilityGlobals) = postSolution
		SolutionGuid = {5968A71B-3419-4B22-ADAB-C92CFB821F8F}
	EndGlobalSection
EndGlobal
